// !$*UTF8*$!
{
	archiveVersion = 1;
	classes = {
	};
	objectVersion = 77;
	objects = {

/* Begin PBXContainerItemProxy section */
		DFD82D9B2F0FA595008E9CFE /* PBXContainerItemProxy */ = {
			isa = PBXContainerItemProxy;
			containerPortal = DFD82D832F0FA592008E9CFE /* Project object */;
			proxyType = 1;
			remoteGlobalIDString = DFD82D8A2F0FA592008E9CFE;
			remoteInfo = "Rhinovate: AI-Powered 3D Modeling for Surgeons";
		};
		DFD82DA52F0FA595008E9CFE /* PBXContainerItemProxy */ = {
			isa = PBXContainerItemProxy;
			containerPortal = DFD82D832F0FA592008E9CFE /* Project object */;
			proxyType = 1;
			remoteGlobalIDString = DFD82D8A2F0FA592008E9CFE;
			remoteInfo = "Rhinovate: AI-Powered 3D Modeling for Surgeons";
		};
/* End PBXContainerItemProxy section */

/* Begin PBXFileReference section */
		DFD82D8B2F0FA592008E9CFE /* Rhinovate AI-Powered 3D Modeling for Surgeons.app */ = {isa = PBXFileReference; explicitFileType = wrapper.application; includeInIndex = 0; path = "Rhinovate AI-Powered 3D Modeling for Surgeons.app"; sourceTree = BUILT_PRODUCTS_DIR; };
		DFD82D9A2F0FA595008E9CFE /* Rhinovate AI-Powered 3D Modeling for SurgeonsTests.xctest */ = {isa = PBXFileReference; explicitFileType = wrapper.cfbundle; includeInIndex = 0; path = "Rhinovate AI-Powered 3D Modeling for SurgeonsTests.xctest"; sourceTree = BUILT_PRODUCTS_DIR; };
		DFD82DA42F0FA595008E9CFE /* Rhinovate AI-Powered 3D Modeling for SurgeonsUITests.xctest */ = {isa = PBXFileReference; explicitFileType = wrapper.cfbundle; includeInIndex = 0; path = "Rhinovate AI-Powered 3D Modeling for SurgeonsUITests.xctest"; sourceTree = BUILT_PRODUCTS_DIR; };
/* End PBXFileReference section */

/* Begin PBXFileSystemSynchronizedRootGroup section */
		DFD82D8D2F0FA592008E9CFE /* Rhinovate: AI-Powered 3D Modeling for Surgeons */ = {
			isa = PBXFileSystemSynchronizedRootGroup;
			path = "Rhinovate: AI-Powered 3D Modeling for Surgeons";
			sourceTree = "<group>";
		};
		DFD82D9D2F0FA595008E9CFE /* Rhinovate: AI-Powered 3D Modeling for SurgeonsTests */ = {
			isa = PBXFileSystemSynchronizedRootGroup;
			path = "Rhinovate: AI-Powered 3D Modeling for SurgeonsTests";
			sourceTree = "<group>";
		};
		DFD82DA72F0FA595008E9CFE /* Rhinovate: AI-Powered 3D Modeling for SurgeonsUITests */ = {
			isa = PBXFileSystemSynchronizedRootGroup;
			path = "Rhinovate: AI-Powered 3D Modeling for SurgeonsUITests";
			sourceTree = "<group>";
		};
/* End PBXFileSystemSynchronizedRootGroup section */

/* Begin PBXFrameworksBuildPhase section */
		DFD82D882F0FA592008E9CFE /* Frameworks */ = {
			isa = PBXFrameworksBuildPhase;
			buildActionMask = 2147483647;
			files = (
			);
			runOnlyForDeploymentPostprocessing = 0;
		};
		DFD82D972F0FA595008E9CFE /* Frameworks */ = {
			isa = PBXFrameworksBuildPhase;
			buildActionMask = 2147483647;
			files = (
			);
			runOnlyForDeploymentPostprocessing = 0;
		};
		DFD82DA12F0FA595008E9CFE /* Frameworks */ = {
			isa = PBXFrameworksBuildPhase;
			buildActionMask = 2147483647;
			files = (
			);
			runOnlyForDeploymentPostprocessing = 0;
		};
/* End PBXFrameworksBuildPhase section */

/* Begin PBXGroup section */
		DFD82D822F0FA592008E9CFE = {
			isa = PBXGroup;
			children = (
				DFD82D8D2F0FA592008E9CFE /* Rhinovate: AI-Powered 3D Modeling for Surgeons */,
				DFD82D9D2F0FA595008E9CFE /* Rhinovate: AI-Powered 3D Modeling for SurgeonsTests */,
				DFD82DA72F0FA595008E9CFE /* Rhinovate: AI-Powered 3D Modeling for SurgeonsUITests */,
				DFD82D8C2F0FA592008E9CFE /* Products */,
			);
			sourceTree = "<group>";
		};
		DFD82D8C2F0FA592008E9CFE /* Products */ = {
			isa = PBXGroup;
			children = (
				DFD82D8B2F0FA592008E9CFE /* Rhinovate AI-Powered 3D Modeling for Surgeons.app */,
				DFD82D9A2F0FA595008E9CFE /* Rhinovate AI-Powered 3D Modeling for SurgeonsTests.xctest */,
				DFD82DA42F0FA595008E9CFE /* Rhinovate AI-Powered 3D Modeling for SurgeonsUITests.xctest */,
			);
			name = Products;
			sourceTree = "<group>";
		};
/* End PBXGroup section */

/* Begin PBXNativeTarget section */
		DFD82D8A2F0FA592008E9CFE /* Rhinovate AI-Powered 3D Modeling for Surgeons */ = {
			isa = PBXNativeTarget;
			buildConfigurationList = DFD82DAE2F0FA595008E9CFE /* Build configuration list for PBXNativeTarget "Rhinovate AI-Powered 3D Modeling for Surgeons" */;
			buildPhases = (
				DFD82D872F0FA592008E9CFE /* Sources */,
				DFD82D882F0FA592008E9CFE /* Frameworks */,
				DFD82D892F0FA592008E9CFE /* Resources */,
			);
			buildRules = (
			);
			dependencies = (
			);
			fileSystemSynchronizedGroups = (
				DFD82D8D2F0FA592008E9CFE /* Rhinovate: AI-Powered 3D Modeling for Surgeons */,
			);
			name = "Rhinovate AI-Powered 3D Modeling for Surgeons";
			packageProductDependencies = (
			);
			productName = "Rhinovate: AI-Powered 3D Modeling for Surgeons";
			productReference = DFD82D8B2F0FA592008E9CFE /* Rhinovate AI-Powered 3D Modeling for Surgeons.app */;
			productType = "com.apple.product-type.application";
		};
		DFD82D992F0FA595008E9CFE /* Rhinovate AI-Powered 3D Modeling for SurgeonsTests */ = {
			isa = PBXNativeTarget;
			buildConfigurationList = DFD82DB12F0FA595008E9CFE /* Build configuration list for PBXNativeTarget "Rhinovate AI-Powered 3D Modeling for SurgeonsTests" */;
			buildPhases = (
				DFD82D962F0FA595008E9CFE /* Sources */,
				DFD82D972F0FA595008E9CFE /* Frameworks */,
				DFD82D982F0FA595008E9CFE /* Resources */,
			);
			buildRules = (
			);
			dependencies = (
				DFD82D9C2F0FA595008E9CFE /* PBXTargetDependency */,
			);
			fileSystemSynchronizedGroups = (
				DFD82D9D2F0FA595008E9CFE /* Rhinovate: AI-Powered 3D Modeling for SurgeonsTests */,
			);
			name = "Rhinovate AI-Powered 3D Modeling for SurgeonsTests";
			packageProductDependencies = (
			);
			productName = "Rhinovate: AI-Powered 3D Modeling for SurgeonsTests";
			productReference = DFD82D9A2F0FA595008E9CFE /* Rhinovate AI-Powered 3D Modeling for SurgeonsTests.xctest */;
			productType = "com.apple.product-type.bundle.unit-test";
		};
		DFD82DA32F0FA595008E9CFE /* Rhinovate AI-Powered 3D Modeling for SurgeonsUITests */ = {
			isa = PBXNativeTarget;
			buildConfigurationList = DFD82DB42F0FA595008E9CFE /* Build configuration list for PBXNativeTarget "Rhinovate AI-Powered 3D Modeling for SurgeonsUITests" */;
			buildPhases = (
				DFD82DA02F0FA595008E9CFE /* Sources */,
				DFD82DA12F0FA595008E9CFE /* Frameworks */,
				DFD82DA22F0FA595008E9CFE /* Resources */,
			);
			buildRules = (
			);
			dependencies = (
				DFD82DA62F0FA595008E9CFE /* PBXTargetDependency */,
			);
			fileSystemSynchronizedGroups = (
				DFD82DA72F0FA595008E9CFE /* Rhinovate: AI-Powered 3D Modeling for SurgeonsUITests */,
			);
			name = "Rhinovate AI-Powered 3D Modeling for SurgeonsUITests";
			packageProductDependencies = (
			);
			productName = "Rhinovate: AI-Powered 3D Modeling for SurgeonsUITests";
			productReference = DFD82DA42F0FA595008E9CFE /* Rhinovate AI-Powered 3D Modeling for SurgeonsUITests.xctest */;
			productType = "com.apple.product-type.bundle.ui-testing";
		};
/* End PBXNativeTarget section */

/* Begin PBXProject section */
		DFD82D832F0FA592008E9CFE /* Project object */ = {
			isa = PBXProject;
			attributes = {
				BuildIndependentTargetsInParallel = 1;
				LastSwiftUpdateCheck = 2610;
				LastUpgradeCheck = 2610;
				TargetAttributes = {
					DFD82D8A2F0FA592008E9CFE = {
						CreatedOnToolsVersion = 26.1.1;
					};
					DFD82D992F0FA595008E9CFE = {
						CreatedOnToolsVersion = 26.1.1;
						TestTargetID = DFD82D8A2F0FA592008E9CFE;
					};
					DFD82DA32F0FA595008E9CFE = {
						CreatedOnToolsVersion = 26.1.1;
						TestTargetID = DFD82D8A2F0FA592008E9CFE;
					};
				};
			};
			buildConfigurationList = DFD82D862F0FA592008E9CFE /* Build configuration list for PBXProject "Rhinovate AI-Powered 3D Modeling for Surgeons" */;
			developmentRegion = en;
			hasScannedForEncodings = 0;
			knownRegions = (
				en,
				Base,
			);
			mainGroup = DFD82D822F0FA592008E9CFE;
			minimizedProjectReferenceProxies = 1;
			preferredProjectObjectVersion = 77;
			productRefGroup = DFD82D8C2F0FA592008E9CFE /* Products */;
			projectDirPath = "";
			projectRoot = "";
			targets = (
				DFD82D8A2F0FA592008E9CFE /* Rhinovate AI-Powered 3D Modeling for Surgeons */,
				DFD82D992F0FA595008E9CFE /* Rhinovate AI-Powered 3D Modeling for SurgeonsTests */,
				DFD82DA32F0FA595008E9CFE /* Rhinovate AI-Powered 3D Modeling for SurgeonsUITests */,
			);
		};
/* End PBXProject section */

/* Begin PBXResourcesBuildPhase section */
		DFD82D892F0FA592008E9CFE /* Resources */ = {
			isa = PBXResourcesBuildPhase;
			buildActionMask = 2147483647;
			files = (
			);
			runOnlyForDeploymentPostprocessing = 0;
		};
		DFD82D982F0FA595008E9CFE /* Resources */ = {
			isa = PBXResourcesBuildPhase;
			buildActionMask = 2147483647;
			files = (
			);
			runOnlyForDeploymentPostprocessing = 0;
		};
		DFD82DA22F0FA595008E9CFE /* Resources */ = {
			isa = PBXResourcesBuildPhase;
			buildActionMask = 2147483647;
			files = (
			);
			runOnlyForDeploymentPostprocessing = 0;
		};
/* End PBXResourcesBuildPhase section */

/* Begin PBXSourcesBuildPhase section */
		DFD82D872F0FA592008E9CFE /* Sources */ = {
			isa = PBXSourcesBuildPhase;
			buildActionMask = 2147483647;
			files = (
			);
			runOnlyForDeploymentPostprocessing = 0;
		};
		DFD82D962F0FA595008E9CFE /* Sources */ = {
			isa = PBXSourcesBuildPhase;
			buildActionMask = 2147483647;
			files = (
			);
			runOnlyForDeploymentPostprocessing = 0;
		};
		DFD82DA02F0FA595008E9CFE /* Sources */ = {
			isa = PBXSourcesBuildPhase;
			buildActionMask = 2147483647;
			files = (
			);
			runOnlyForDeploymentPostprocessing = 0;
		};
/* End PBXSourcesBuildPhase section */

/* Begin PBXTargetDependency section */
		DFD82D9C2F0FA595008E9CFE /* PBXTargetDependency */ = {
			isa = PBXTargetDependency;
			target = DFD82D8A2F0FA592008E9CFE /* Rhinovate AI-Powered 3D Modeling for Surgeons */;
			targetProxy = DFD82D9B2F0FA595008E9CFE /* PBXContainerItemProxy */;
		};
		DFD82DA62F0FA595008E9CFE /* PBXTargetDependency */ = {
			isa = PBXTargetDependency;
			target = DFD82D8A2F0FA592008E9CFE /* Rhinovate AI-Powered 3D Modeling for Surgeons */;
			targetProxy = DFD82DA52F0FA595008E9CFE /* PBXContainerItemProxy */;
		};
/* End PBXTargetDependency section */

/* Begin XCBuildConfiguration section */
		DFD82DAC2F0FA595008E9CFE /* Debug */ = {
			isa = XCBuildConfiguration;
			buildSettings = {
				ALWAYS_SEARCH_USER_PATHS = NO;
				ASSETCATALOG_COMPILER_GENERATE_SWIFT_ASSET_SYMBOL_EXTENSIONS = YES;
				CLANG_ANALYZER_NONNULL = YES;
				CLANG_ANALYZER_NUMBER_OBJECT_CONVERSION = YES_AGGRESSIVE;
				CLANG_CXX_LANGUAGE_STANDARD = "gnu++20";
				CLANG_ENABLE_MODULES = YES;
				CLANG_ENABLE_OBJC_ARC = YES;
				CLANG_ENABLE_OBJC_WEAK = YES;
				CLANG_WARN_BLOCK_CAPTURE_AUTORELEASING = YES;
				CLANG_WARN_BOOL_CONVERSION = YES;
				CLANG_WARN_COMMA = YES;
				CLANG_WARN_CONSTANT_CONVERSION = YES;
				CLANG_WARN_DEPRECATED_OBJC_IMPLEMENTATIONS = YES;
				CLANG_WARN_DIRECT_OBJC_ISA_USAGE = YES_ERROR;
				CLANG_WARN_DOCUMENTATION_COMMENTS = YES;
				CLANG_WARN_EMPTY_BODY = YES;
				CLANG_WARN_ENUM_CONVERSION = YES;
				CLANG_WARN_INFINITE_RECURSION = YES;
				CLANG_WARN_INT_CONVERSION = YES;
				CLANG_WARN_NON_LITERAL_NULL_CONVERSION = YES;
				CLANG_WARN_OBJC_IMPLICIT_RETAIN_SELF = YES;
				CLANG_WARN_OBJC_LITERAL_CONVERSION = YES;
				CLANG_WARN_OBJC_ROOT_CLASS = YES_ERROR;
				CLANG_WARN_QUOTED_INCLUDE_IN_FRAMEWORK_HEADER = YES;
				CLANG_WARN_RANGE_LOOP_ANALYSIS = YES;
				CLANG_WARN_STRICT_PROTOTYPES = YES;
				CLANG_WARN_SUSPICIOUS_MOVE = YES;
				CLANG_WARN_UNGUARDED_AVAILABILITY = YES_AGGRESSIVE;
				CLANG_WARN_UNREACHABLE_CODE = YES;
				CLANG_WARN__DUPLICATE_METHOD_MATCH = YES;
				COPY_PHASE_STRIP = NO;
				DEBUG_INFORMATION_FORMAT = dwarf;
				DEVELOPMENT_TEAM = 74TQBYS6S6;
				ENABLE_STRICT_OBJC_MSGSEND = YES;
				ENABLE_TESTABILITY = YES;
				ENABLE_USER_SCRIPT_SANDBOXING = YES;
				GCC_C_LANGUAGE_STANDARD = gnu17;
				GCC_DYNAMIC_NO_PIC = NO;
				GCC_NO_COMMON_BLOCKS = YES;
				GCC_OPTIMIZATION_LEVEL = 0;
				GCC_PREPROCESSOR_DEFINITIONS = (
					"DEBUG=1",
					"$(inherited)",
				);
				GCC_WARN_64_TO_32_BIT_CONVERSION = YES;
				GCC_WARN_ABOUT_RETURN_TYPE = YES_ERROR;
				GCC_WARN_UNDECLARED_SELECTOR = YES;
				GCC_WARN_UNINITIALIZED_AUTOS = YES_AGGRESSIVE;
				GCC_WARN_UNUSED_FUNCTION = YES;
				GCC_WARN_UNUSED_VARIABLE = YES;
				IPHONEOS_DEPLOYMENT_TARGET = 17.0;
				LOCALIZATION_PREFERS_STRING_CATALOGS = YES;
				MTL_ENABLE_DEBUG_INFO = INCLUDE_SOURCE;
				MTL_FAST_MATH = YES;
				ONLY_ACTIVE_ARCH = YES;
				SDKROOT = iphoneos;
				SWIFT_ACTIVE_COMPILATION_CONDITIONS = "DEBUG $(inherited)";
				SWIFT_OPTIMIZATION_LEVEL = "-Onone";
			};
			name = Debug;
		};
		DFD82DAD2F0FA595008E9CFE /* Release */ = {
			isa = XCBuildConfiguration;
			buildSettings = {
				ALWAYS_SEARCH_USER_PATHS = NO;
				ASSETCATALOG_COMPILER_GENERATE_SWIFT_ASSET_SYMBOL_EXTENSIONS = YES;
				CLANG_ANALYZER_NONNULL = YES;
				CLANG_ANALYZER_NUMBER_OBJECT_CONVERSION = YES_AGGRESSIVE;
				CLANG_CXX_LANGUAGE_STANDARD = "gnu++20";
				CLANG_ENABLE_MODULES = YES;
				CLANG_ENABLE_OBJC_ARC = YES;
				CLANG_ENABLE_OBJC_WEAK = YES;
				CLANG_WARN_BLOCK_CAPTURE_AUTORELEASING = YES;
				CLANG_WARN_BOOL_CONVERSION = YES;
				CLANG_WARN_COMMA = YES;
				CLANG_WARN_CONSTANT_CONVERSION = YES;
				CLANG_WARN_DEPRECATED_OBJC_IMPLEMENTATIONS = YES;
				CLANG_WARN_DIRECT_OBJC_ISA_USAGE = YES_ERROR;
				CLANG_WARN_DOCUMENTATION_COMMENTS = YES;
				CLANG_WARN_EMPTY_BODY = YES;
				CLANG_WARN_ENUM_CONVERSION = YES;
				CLANG_WARN_INFINITE_RECURSION = YES;
				CLANG_WARN_INT_CONVERSION = YES;
				CLANG_WARN_NON_LITERAL_NULL_CONVERSION = YES;
				CLANG_WARN_OBJC_IMPLICIT_RETAIN_SELF = YES;
				CLANG_WARN_OBJC_LITERAL_CONVERSION = YES;
				CLANG_WARN_OBJC_ROOT_CLASS = YES_ERROR;
				CLANG_WARN_QUOTED_INCLUDE_IN_FRAMEWORK_HEADER = YES;
				CLANG_WARN_RANGE_LOOP_ANALYSIS = YES;
				CLANG_WARN_STRICT_PROTOTYPES = YES;
				CLANG_WARN_SUSPICIOUS_MOVE = YES;
				CLANG_WARN_UNGUARDED_AVAILABILITY = YES_AGGRESSIVE;
				CLANG_WARN_UNREACHABLE_CODE = YES;
				CLANG_WARN__DUPLICATE_METHOD_MATCH = YES;
				COPY_PHASE_STRIP = NO;
				DEBUG_INFORMATION_FORMAT = "dwarf-with-dsym";
				DEVELOPMENT_TEAM = 74TQBYS6S6;
				ENABLE_NS_ASSERTIONS = NO;
				ENABLE_STRICT_OBJC_MSGSEND = YES;
				ENABLE_USER_SCRIPT_SANDBOXING = YES;
				GCC_C_LANGUAGE_STANDARD = gnu17;
				GCC_NO_COMMON_BLOCKS = YES;
				GCC_WARN_64_TO_32_BIT_CONVERSION = YES;
				GCC_WARN_ABOUT_RETURN_TYPE = YES_ERROR;
				GCC_WARN_UNDECLARED_SELECTOR = YES;
				GCC_WARN_UNINITIALIZED_AUTOS = YES_AGGRESSIVE;
				GCC_WARN_UNUSED_FUNCTION = YES;
				GCC_WARN_UNUSED_VARIABLE = YES;
				IPHONEOS_DEPLOYMENT_TARGET = 17.0;
				LOCALIZATION_PREFERS_STRING_CATALOGS = YES;
				MTL_ENABLE_DEBUG_INFO = NO;
				MTL_FAST_MATH = YES;
				SDKROOT = iphoneos;
				SWIFT_COMPILATION_MODE = wholemodule;
				VALIDATE_PRODUCT = YES;
			};
			name = Release;
		};
		DFD82DAF2F0FA595008E9CFE /* Debug */ = {
			isa = XCBuildConfiguration;
			buildSettings = {
				ASSETCATALOG_COMPILER_APPICON_NAME = AppIcon;
				ASSETCATALOG_COMPILER_GLOBAL_ACCENT_COLOR_NAME = AccentColor;
				CODE_SIGN_STYLE = Automatic;
				CURRENT_PROJECT_VERSION = 1;
				DEVELOPMENT_TEAM = 74TQBYS6S6;
				ENABLE_PREVIEWS = YES;
				GENERATE_INFOPLIST_FILE = YES;
				INFOPLIST_KEY_NSCameraUsageDescription = "Rhinovate Capture needs camera access to capture 3D face meshes using TrueDepth camera.";
				INFOPLIST_KEY_UIApplicationSceneManifest_Generation = YES;
				INFOPLIST_KEY_UIApplicationSupportsIndirectInputEvents = YES;
				INFOPLIST_KEY_UILaunchScreen_Generation = YES;
				INFOPLIST_KEY_UISupportedInterfaceOrientations_iPad = "UIInterfaceOrientationPortrait UIInterfaceOrientationPortraitUpsideDown UIInterfaceOrientationLandscapeLeft UIInterfaceOrientationLandscapeRight";
				INFOPLIST_KEY_UISupportedInterfaceOrientations_iPhone = "UIInterfaceOrientationPortrait UIInterfaceOrientationLandscapeLeft UIInterfaceOrientationLandscapeRight";
				LD_RUNPATH_SEARCH_PATHS = (
					"$(inherited)",
					"@executable_path/Frameworks",
				);
				MARKETING_VERSION = 1.0;
				PRODUCT_BUNDLE_IDENTIFIER = "ai.Rhinovate--AI-Powered-3D-Modeling-for-Surgeons";
				PRODUCT_NAME = "$(TARGET_NAME)";
				STRING_CATALOG_GENERATE_SYMBOLS = YES;
				SWIFT_APPROACHABLE_CONCURRENCY = YES;
				SWIFT_DEFAULT_ACTOR_ISOLATION = MainActor;
				SWIFT_EMIT_LOC_STRINGS = YES;
				SWIFT_UPCOMING_FEATURE_MEMBER_IMPORT_VISIBILITY = YES;
				SWIFT_VERSION = 5.0;
				TARGETED_DEVICE_FAMILY = "1,2";
			};
			name = Debug;
		};
		DFD82DB02F0FA595008E9CFE /* Release */ = {
			isa = XCBuildConfiguration;
			buildSettings = {
				ASSETCATALOG_COMPILER_APPICON_NAME = AppIcon;
				ASSETCATALOG_COMPILER_GLOBAL_ACCENT_COLOR_NAME = AccentColor;
				CODE_SIGN_STYLE = Automatic;
				CURRENT_PROJECT_VERSION = 1;
				DEVELOPMENT_TEAM = 74TQBYS6S6;
				ENABLE_PREVIEWS = YES;
				GENERATE_INFOPLIST_FILE = YES;
				INFOPLIST_KEY_NSCameraUsageDescription = "Rhinovate Capture needs camera access to capture 3D face meshes using TrueDepth camera.";
				INFOPLIST_KEY_UIApplicationSceneManifest_Generation = YES;
				INFOPLIST_KEY_UIApplicationSupportsIndirectInputEvents = YES;
				INFOPLIST_KEY_UILaunchScreen_Generation = YES;
				INFOPLIST_KEY_UISupportedInterfaceOrientations_iPad = "UIInterfaceOrientationPortrait UIInterfaceOrientationPortraitUpsideDown UIInterfaceOrientationLandscapeLeft UIInterfaceOrientationLandscapeRight";
				INFOPLIST_KEY_UISupportedInterfaceOrientations_iPhone = "UIInterfaceOrientationPortrait UIInterfaceOrientationLandscapeLeft UIInterfaceOrientationLandscapeRight";
				LD_RUNPATH_SEARCH_PATHS = (
					"$(inherited)",
					"@executable_path/Frameworks",
				);
				MARKETING_VERSION = 1.0;
				PRODUCT_BUNDLE_IDENTIFIER = "ai.Rhinovate--AI-Powered-3D-Modeling-for-Surgeons";
				PRODUCT_NAME = "$(TARGET_NAME)";
				STRING_CATALOG_GENERATE_SYMBOLS = YES;
				SWIFT_APPROACHABLE_CONCURRENCY = YES;
				SWIFT_DEFAULT_ACTOR_ISOLATION = MainActor;
				SWIFT_EMIT_LOC_STRINGS = YES;
				SWIFT_UPCOMING_FEATURE_MEMBER_IMPORT_VISIBILITY = YES;
				SWIFT_VERSION = 5.0;
				TARGETED_DEVICE_FAMILY = "1,2";
			};
			name = Release;
		};
		DFD82DB22F0FA595008E9CFE /* Debug */ = {
			isa = XCBuildConfiguration;
			buildSettings = {
				BUNDLE_LOADER = "$(TEST_HOST)";
				CODE_SIGN_STYLE = Automatic;
				CURRENT_PROJECT_VERSION = 1;
				DEVELOPMENT_TEAM = 74TQBYS6S6;
				GENERATE_INFOPLIST_FILE = YES;
				IPHONEOS_DEPLOYMENT_TARGET = 17.0;
				MARKETING_VERSION = 1.0;
				PRODUCT_BUNDLE_IDENTIFIER = "ai.Rhinovate--AI-Powered-3D-Modeling-for-SurgeonsTests";
				PRODUCT_NAME = "$(TARGET_NAME)";
				STRING_CATALOG_GENERATE_SYMBOLS = NO;
				SWIFT_APPROACHABLE_CONCURRENCY = YES;
				SWIFT_EMIT_LOC_STRINGS = NO;
				SWIFT_UPCOMING_FEATURE_MEMBER_IMPORT_VISIBILITY = YES;
				SWIFT_VERSION = 5.0;
				TARGETED_DEVICE_FAMILY = "1,2";
				TEST_HOST = "$(BUILT_PRODUCTS_DIR)/Rhinovate AI-Powered 3D Modeling for Surgeons.app/$(BUNDLE_EXECUTABLE_FOLDER_PATH)/Rhinovate AI-Powered 3D Modeling for Surgeons";
			};
			name = Debug;
		};
		DFD82DB32F0FA595008E9CFE /* Release */ = {
			isa = XCBuildConfiguration;
			buildSettings = {
				BUNDLE_LOADER = "$(TEST_HOST)";
				CODE_SIGN_STYLE = Automatic;
				CURRENT_PROJECT_VERSION = 1;
				DEVELOPMENT_TEAM = 74TQBYS6S6;
				GENERATE_INFOPLIST_FILE = YES;
				IPHONEOS_DEPLOYMENT_TARGET = 17.0;
				MARKETING_VERSION = 1.0;
				PRODUCT_BUNDLE_IDENTIFIER = "ai.Rhinovate--AI-Powered-3D-Modeling-for-SurgeonsTests";
				PRODUCT_NAME = "$(TARGET_NAME)";
				STRING_CATALOG_GENERATE_SYMBOLS = NO;
				SWIFT_APPROACHABLE_CONCURRENCY = YES;
				SWIFT_EMIT_LOC_STRINGS = NO;
				SWIFT_UPCOMING_FEATURE_MEMBER_IMPORT_VISIBILITY = YES;
				SWIFT_VERSION = 5.0;
				TARGETED_DEVICE_FAMILY = "1,2";
				TEST_HOST = "$(BUILT_PRODUCTS_DIR)/Rhinovate AI-Powered 3D Modeling for Surgeons.app/$(BUNDLE_EXECUTABLE_FOLDER_PATH)/Rhinovate AI-Powered 3D Modeling for Surgeons";
			};
			name = Release;
		};
		DFD82DB52F0FA595008E9CFE /* Debug */ = {
			isa = XCBuildConfiguration;
			buildSettings = {
				CODE_SIGN_STYLE = Automatic;
				CURRENT_PROJECT_VERSION = 1;
				DEVELOPMENT_TEAM = 74TQBYS6S6;
				GENERATE_INFOPLIST_FILE = YES;
				MARKETING_VERSION = 1.0;
				PRODUCT_BUNDLE_IDENTIFIER = "ai.Rhinovate--AI-Powered-3D-Modeling-for-SurgeonsUITests";
				PRODUCT_NAME = "$(TARGET_NAME)";
				STRING_CATALOG_GENERATE_SYMBOLS = NO;
				SWIFT_APPROACHABLE_CONCURRENCY = YES;
				SWIFT_EMIT_LOC_STRINGS = NO;
				SWIFT_UPCOMING_FEATURE_MEMBER_IMPORT_VISIBILITY = YES;
				SWIFT_VERSION = 5.0;
				TARGETED_DEVICE_FAMILY = "1,2";
				TEST_TARGET_NAME = "Rhinovate: AI-Powered 3D Modeling for Surgeons";
			};
			name = Debug;
		};
		DFD82DB62F0FA595008E9CFE /* Release */ = {
			isa = XCBuildConfiguration;
			buildSettings = {
				CODE_SIGN_STYLE = Automatic;
				CURRENT_PROJECT_VERSION = 1;
				DEVELOPMENT_TEAM = 74TQBYS6S6;
				GENERATE_INFOPLIST_FILE = YES;
				MARKETING_VERSION = 1.0;
				PRODUCT_BUNDLE_IDENTIFIER = "ai.Rhinovate--AI-Powered-3D-Modeling-for-SurgeonsUITests";
				PRODUCT_NAME = "$(TARGET_NAME)";
				STRING_CATALOG_GENERATE_SYMBOLS = NO;
				SWIFT_APPROACHABLE_CONCURRENCY = YES;
				SWIFT_EMIT_LOC_STRINGS = NO;
				SWIFT_UPCOMING_FEATURE_MEMBER_IMPORT_VISIBILITY = YES;
				SWIFT_VERSION = 5.0;
				TARGETED_DEVICE_FAMILY = "1,2";
				TEST_TARGET_NAME = "Rhinovate: AI-Powered 3D Modeling for Surgeons";
			};
			name = Release;
		};
/* End XCBuildConfiguration section */

/* Begin XCConfigurationList section */
		DFD82D862F0FA592008E9CFE /* Build configuration list for PBXProject "Rhinovate AI-Powered 3D Modeling for Surgeons" */ = {
			isa = XCConfigurationList;
			buildConfigurations = (
				DFD82DAC2F0FA595008E9CFE /* Debug */,
				DFD82DAD2F0FA595008E9CFE /* Release */,
			);
			defaultConfigurationIsVisible = 0;
			defaultConfigurationName = Release;
		};
		DFD82DAE2F0FA595008E9CFE /* Build configuration list for PBXNativeTarget "Rhinovate AI-Powered 3D Modeling for Surgeons" */ = {
			isa = XCConfigurationList;
			buildConfigurations = (
				DFD82DAF2F0FA595008E9CFE /* Debug */,
				DFD82DB02F0FA595008E9CFE /* Release */,
			);
			defaultConfigurationIsVisible = 0;
			defaultConfigurationName = Release;
		};
		DFD82DB12F0FA595008E9CFE /* Build configuration list for PBXNativeTarget "Rhinovate AI-Powered 3D Modeling for SurgeonsTests" */ = {
			isa = XCConfigurationList;
			buildConfigurations = (
				DFD82DB22F0FA595008E9CFE /* Debug */,
				DFD82DB32F0FA595008E9CFE /* Release */,
			);
			defaultConfigurationIsVisible = 0;
			defaultConfigurationName = Release;
		};
		DFD82DB42F0FA595008E9CFE /* Build configuration list for PBXNativeTarget "Rhinovate AI-Powered 3D Modeling for SurgeonsUITests" */ = {
			isa = XCConfigurationList;
			buildConfigurations = (
				DFD82DB52F0FA595008E9CFE /* Debug */,
				DFD82DB62F0FA595008E9CFE /* Release */,
			);
			defaultConfigurationIsVisible = 0;
			defaultConfigurationName = Release;
		};
/* End XCConfigurationList section */
	};
	rootObject = DFD82D832F0FA592008E9CFE /* Project object */;
}
